
Microsoft Visual Studio Solution File, Format Version 12.00
# Visual Studio 15
VisualStudioVersion = 15.0.28307.757
MinimumVisualStudioVersion = 10.0.40219.1
Project("{FAE04EC0-301F-11D3-BF4B-00C04F79EFBC}") = "GENERICS parameters", "GENERICS parameters\GENERICS parameters.csproj", "{A26CDBB5-8E3D-48E6-B4AC-AA414CF42289}"
EndProject
Global
	GlobalSection(SolutionConfigurationPlatforms) = preSolution
		Debug|Any CPU = Debug|Any CPU
		Release|Any CPU = Release|Any CPU
	EndGlobalSection
	GlobalSection(ProjectConfigurationPlatforms) = postSolution
		{A26CDBB5-8E3D-48E6-B4AC-AA414CF42289}.Debug|Any CPU.ActiveCfg = Debug|Any CPU
		{A26CDBB5-8E3D-48E6-B4AC-AA414CF42289}.Debug|Any CPU.Build.0 = Debug|Any CPU
		{A26CDBB5-8E3D-48E6-B4AC-AA414CF42289}.Release|Any CPU.ActiveCfg = Release|Any CPU
		{A26CDBB5-8E3D-48E6-B4AC-AA414CF42289}.Release|Any CPU.Build.0 = Release|Any CPU
	EndGlobalSection
	GlobalSection(SolutionProperties) = preSolution
		HideSolutionNode = FALSE
	EndGlobalSection
	GlobalSection(ExtensibilityGlobals) = postSolution
		SolutionGuid = {2E9BEAE1-4878-48FE-899D-A131F323C911}
	EndGlobalSection
EndGlobal
