
Microsoft Visual Studio Solution File, Format Version 12.00
# Visual Studio 15
VisualStudioVersion = 15.0.28307.757
MinimumVisualStudioVersion = 10.0.40219.1
Project("{FAE04EC0-301F-11D3-BF4B-00C04F79EFBC}") = "GetREc", "GetREc\GetREc.csproj", "{5642358A-23F6-49BD-BC8E-16381028BBD5}"
EndProject
Global
	GlobalSection(SolutionConfigurationPlatforms) = preSolution
		Debug|Any CPU = Debug|Any CPU
		Release|Any CPU = Release|Any CPU
	EndGlobalSection
	GlobalSection(ProjectConfigurationPlatforms) = postSolution
		{5642358A-23F6-49BD-BC8E-16381028BBD5}.Debug|Any CPU.ActiveCfg = Debug|Any CPU
		{5642358A-23F6-49BD-BC8E-16381028BBD5}.Debug|Any CPU.Build.0 = Debug|Any CPU
		{5642358A-23F6-49BD-BC8E-16381028BBD5}.Release|Any CPU.ActiveCfg = Release|Any CPU
		{5642358A-23F6-49BD-BC8E-16381028BBD5}.Release|Any CPU.Build.0 = Release|Any CPU
	EndGlobalSection
	GlobalSection(SolutionProperties) = preSolution
		HideSolutionNode = FALSE
	EndGlobalSection
	GlobalSection(ExtensibilityGlobals) = postSolution
		SolutionGuid = {8923B6B8-1781-4129-AF17-5BB7BA68327F}
	EndGlobalSection
EndGlobal
